
Microsoft Visual Studio Solution File, Format Version 12.00
# Visual Studio Version 16
VisualStudioVersion = 16.0.31624.102
MinimumVisualStudioVersion = 10.0.40219.1
Project("{888888A0-9F3D-457C-B088-3A5042F75D52}") = "SolarSystemSimulation", "SolarSystemSimulation.pyproj", "{77005F16-613B-404A-8F85-7E1C03D2B13F}"
EndProject
Global
	GlobalSection(SolutionConfigurationPlatforms) = preSolution
		Debug|Any CPU = Debug|Any CPU
		Release|Any CPU = Release|Any CPU
	EndGlobalSection
	GlobalSection(ProjectConfigurationPlatforms) = postSolution
		{77005F16-613B-404A-8F85-7E1C03D2B13F}.Debug|Any CPU.ActiveCfg = Debug|Any CPU
		{77005F16-613B-404A-8F85-7E1C03D2B13F}.Release|Any CPU.ActiveCfg = Release|Any CPU
	EndGlobalSection
	GlobalSection(SolutionProperties) = preSolution
		HideSolutionNode = FALSE
	EndGlobalSection
	GlobalSection(ExtensibilityGlobals) = postSolution
		SolutionGuid = {10FAA6F2-DDB6-4E96-8C8A-E2CCC3C96161}
	EndGlobalSection
EndGlobal
